
Microsoft Visual Studio Solution File, Format Version 12.00
# Visual Studio Version 17
VisualStudioVersion = 17.11.35303.130
MinimumVisualStudioVersion = 10.0.40219.1
Project("{FAE04EC0-301F-11D3-BF4B-00C04F79EFBC}") = "WindowsFormsAppPraktLast", "WindowsFormsAppPraktLast\WindowsFormsAppPraktLast.csproj", "{235E52A6-0630-42E5-8912-05626D0D042A}"
EndProject
Global
	GlobalSection(SolutionConfigurationPlatforms) = preSolution
		Debug|Any CPU = Debug|Any CPU
		Release|Any CPU = Release|Any CPU
	EndGlobalSection
	GlobalSection(ProjectConfigurationPlatforms) = postSolution
		{235E52A6-0630-42E5-8912-05626D0D042A}.Debug|Any CPU.ActiveCfg = Debug|Any CPU
		{235E52A6-0630-42E5-8912-05626D0D042A}.Debug|Any CPU.Build.0 = Debug|Any CPU
		{235E52A6-0630-42E5-8912-05626D0D042A}.Release|Any CPU.ActiveCfg = Release|Any CPU
		{235E52A6-0630-42E5-8912-05626D0D042A}.Release|Any CPU.Build.0 = Release|Any CPU
	EndGlobalSection
	GlobalSection(SolutionProperties) = preSolution
		HideSolutionNode = FALSE
	EndGlobalSection
	GlobalSection(ExtensibilityGlobals) = postSolution
		SolutionGuid = {EA96901D-9148-4425-8AA3-33E35A631FDC}
	EndGlobalSection
EndGlobal
